
Microsoft Visual Studio Solution File, Format Version 12.00
# Visual Studio Version 16
VisualStudioVersion = 16.0.30204.135
MinimumVisualStudioVersion = 15.0.26124.0
Project("{9A19103F-16F7-4668-BE54-9A1E7A4F7556}") = "CcuCli", "CcuCli\CcuCli.csproj", "{D563D6AA-1E71-4058-AFB6-DF41DBA9A639}"
EndProject
Project("{FAE04EC0-301F-11D3-BF4B-00C04F79EFBC}") = "CcuCore", "CcuCore\CcuCore.csproj", "{10411840-FC25-4781-99B5-2B75EBF8B129}"
EndProject
Global
	GlobalSection(SolutionConfigurationPlatforms) = preSolution
		Debug|Any CPU = Debug|Any CPU
		Release|Any CPU = Release|Any CPU
	EndGlobalSection
	GlobalSection(ProjectConfigurationPlatforms) = postSolution
		{D563D6AA-1E71-4058-AFB6-DF41DBA9A639}.Debug|Any CPU.ActiveCfg = Debug|Any CPU
		{D563D6AA-1E71-4058-AFB6-DF41DBA9A639}.Debug|Any CPU.Build.0 = Debug|Any CPU
		{D563D6AA-1E71-4058-AFB6-DF41DBA9A639}.Release|Any CPU.ActiveCfg = Release|Any CPU
		{D563D6AA-1E71-4058-AFB6-DF41DBA9A639}.Release|Any CPU.Build.0 = Release|Any CPU
		{10411840-FC25-4781-99B5-2B75EBF8B129}.Debug|Any CPU.ActiveCfg = Debug|Any CPU
		{10411840-FC25-4781-99B5-2B75EBF8B129}.Debug|Any CPU.Build.0 = Debug|Any CPU
		{10411840-FC25-4781-99B5-2B75EBF8B129}.Release|Any CPU.ActiveCfg = Release|Any CPU
		{10411840-FC25-4781-99B5-2B75EBF8B129}.Release|Any CPU.Build.0 = Release|Any CPU
	EndGlobalSection
	GlobalSection(SolutionProperties) = preSolution
		HideSolutionNode = FALSE
	EndGlobalSection
	GlobalSection(ExtensibilityGlobals) = postSolution
		SolutionGuid = {D6341335-F185-4E1C-9F37-C168628164B8}
	EndGlobalSection
EndGlobal
